
Microsoft Visual Studio Solution File, Format Version 12.00
# Visual Studio 15
VisualStudioVersion = 15.0.28307.102
MinimumVisualStudioVersion = 10.0.40219.1
Project("{FAE04EC0-301F-11D3-BF4B-00C04F79EFBC}") = "KisaRelayUSB", "KisaRelayUSB\KisaRelayUSB.csproj", "{1B6A1E6B-355E-4683-8B9E-C261BD26AAFF}"
EndProject
Global
	GlobalSection(SolutionConfigurationPlatforms) = preSolution
		Debug|Any CPU = Debug|Any CPU
		Release|Any CPU = Release|Any CPU
	EndGlobalSection
	GlobalSection(ProjectConfigurationPlatforms) = postSolution
		{1B6A1E6B-355E-4683-8B9E-C261BD26AAFF}.Debug|Any CPU.ActiveCfg = Debug|Any CPU
		{1B6A1E6B-355E-4683-8B9E-C261BD26AAFF}.Debug|Any CPU.Build.0 = Debug|Any CPU
		{1B6A1E6B-355E-4683-8B9E-C261BD26AAFF}.Release|Any CPU.ActiveCfg = Release|Any CPU
		{1B6A1E6B-355E-4683-8B9E-C261BD26AAFF}.Release|Any CPU.Build.0 = Release|Any CPU
	EndGlobalSection
	GlobalSection(SolutionProperties) = preSolution
		HideSolutionNode = FALSE
	EndGlobalSection
	GlobalSection(ExtensibilityGlobals) = postSolution
		SolutionGuid = {40192120-B93E-4E06-9322-E740E050AF58}
	EndGlobalSection
EndGlobal
